
Microsoft Visual Studio Solution File, Format Version 12.00
# Visual Studio Version 17
VisualStudioVersion = 17.2.32526.322
MinimumVisualStudioVersion = 10.0.40219.1
Project("{8BC9CEB8-8B4A-11D0-8D11-00A0C91BC942}") = "Exercise 1", "Exercise 1.vcxproj", "{1C0A9E94-331A-447F-B74C-4CF814570D14}"
EndProject
Global
	GlobalSection(SolutionConfigurationPlatforms) = preSolution
		Debug|x64 = Debug|x64
		Debug|x86 = Debug|x86
		Release|x64 = Release|x64
		Release|x86 = Release|x86
	EndGlobalSection
	GlobalSection(ProjectConfigurationPlatforms) = postSolution
		{1C0A9E94-331A-447F-B74C-4CF814570D14}.Debug|x64.ActiveCfg = Debug|x64
		{1C0A9E94-331A-447F-B74C-4CF814570D14}.Debug|x64.Build.0 = Debug|x64
		{1C0A9E94-331A-447F-B74C-4CF814570D14}.Debug|x86.ActiveCfg = Debug|Win32
		{1C0A9E94-331A-447F-B74C-4CF814570D14}.Debug|x86.Build.0 = Debug|Win32
		{1C0A9E94-331A-447F-B74C-4CF814570D14}.Release|x64.ActiveCfg = Release|x64
		{1C0A9E94-331A-447F-B74C-4CF814570D14}.Release|x64.Build.0 = Release|x64
		{1C0A9E94-331A-447F-B74C-4CF814570D14}.Release|x86.ActiveCfg = Release|Win32
		{1C0A9E94-331A-447F-B74C-4CF814570D14}.Release|x86.Build.0 = Release|Win32
	EndGlobalSection
	GlobalSection(SolutionProperties) = preSolution
		HideSolutionNode = FALSE
	EndGlobalSection
	GlobalSection(ExtensibilityGlobals) = postSolution
		SolutionGuid = {A3A0A3F7-CBC9-4B32-AE13-950A6741784D}
	EndGlobalSection
EndGlobal
