
Microsoft Visual Studio Solution File, Format Version 12.00
# Visual Studio Version 17
VisualStudioVersion = 17.2.32526.322
MinimumVisualStudioVersion = 10.0.40219.1
Project("{8BC9CEB8-8B4A-11D0-8D11-00A0C91BC942}") = "Exercise 2", "Exercise 2.vcxproj", "{36029E09-F394-4992-B9C8-5A03C964A187}"
EndProject
Global
	GlobalSection(SolutionConfigurationPlatforms) = preSolution
		Debug|x64 = Debug|x64
		Debug|x86 = Debug|x86
		Release|x64 = Release|x64
		Release|x86 = Release|x86
	EndGlobalSection
	GlobalSection(ProjectConfigurationPlatforms) = postSolution
		{36029E09-F394-4992-B9C8-5A03C964A187}.Debug|x64.ActiveCfg = Debug|x64
		{36029E09-F394-4992-B9C8-5A03C964A187}.Debug|x64.Build.0 = Debug|x64
		{36029E09-F394-4992-B9C8-5A03C964A187}.Debug|x86.ActiveCfg = Debug|Win32
		{36029E09-F394-4992-B9C8-5A03C964A187}.Debug|x86.Build.0 = Debug|Win32
		{36029E09-F394-4992-B9C8-5A03C964A187}.Release|x64.ActiveCfg = Release|x64
		{36029E09-F394-4992-B9C8-5A03C964A187}.Release|x64.Build.0 = Release|x64
		{36029E09-F394-4992-B9C8-5A03C964A187}.Release|x86.ActiveCfg = Release|Win32
		{36029E09-F394-4992-B9C8-5A03C964A187}.Release|x86.Build.0 = Release|Win32
	EndGlobalSection
	GlobalSection(SolutionProperties) = preSolution
		HideSolutionNode = FALSE
	EndGlobalSection
	GlobalSection(ExtensibilityGlobals) = postSolution
		SolutionGuid = {5CEFFEDD-5B1C-4D92-8CD0-A9ECD577D0E6}
	EndGlobalSection
EndGlobal
