
Microsoft Visual Studio Solution File, Format Version 12.00
# Visual Studio Version 17
VisualStudioVersion = 17.2.32526.322
MinimumVisualStudioVersion = 10.0.40219.1
Project("{8BC9CEB8-8B4A-11D0-8D11-00A0C91BC942}") = "Exercise 2", "Exercise 2.vcxproj", "{D251C42B-86F8-4C92-A1DE-E34781E3E27E}"
EndProject
Global
	GlobalSection(SolutionConfigurationPlatforms) = preSolution
		Debug|x64 = Debug|x64
		Debug|x86 = Debug|x86
		Release|x64 = Release|x64
		Release|x86 = Release|x86
	EndGlobalSection
	GlobalSection(ProjectConfigurationPlatforms) = postSolution
		{D251C42B-86F8-4C92-A1DE-E34781E3E27E}.Debug|x64.ActiveCfg = Debug|x64
		{D251C42B-86F8-4C92-A1DE-E34781E3E27E}.Debug|x64.Build.0 = Debug|x64
		{D251C42B-86F8-4C92-A1DE-E34781E3E27E}.Debug|x86.ActiveCfg = Debug|Win32
		{D251C42B-86F8-4C92-A1DE-E34781E3E27E}.Debug|x86.Build.0 = Debug|Win32
		{D251C42B-86F8-4C92-A1DE-E34781E3E27E}.Release|x64.ActiveCfg = Release|x64
		{D251C42B-86F8-4C92-A1DE-E34781E3E27E}.Release|x64.Build.0 = Release|x64
		{D251C42B-86F8-4C92-A1DE-E34781E3E27E}.Release|x86.ActiveCfg = Release|Win32
		{D251C42B-86F8-4C92-A1DE-E34781E3E27E}.Release|x86.Build.0 = Release|Win32
	EndGlobalSection
	GlobalSection(SolutionProperties) = preSolution
		HideSolutionNode = FALSE
	EndGlobalSection
	GlobalSection(ExtensibilityGlobals) = postSolution
		SolutionGuid = {93220282-41F5-4FFB-92F0-11D09DF2DC2F}
	EndGlobalSection
EndGlobal
